
Microsoft Visual Studio Solution File, Format Version 12.00
# Visual Studio Version 16
VisualStudioVersion = 16.0.28803.202
MinimumVisualStudioVersion = 10.0.40219.1
Project("{FAE04EC0-301F-11D3-BF4B-00C04F79EFBC}") = "PizzaHut", "PizzaHut\PizzaHut.csproj", "{3372F5D0-93C4-4F51-877D-885234590AB8}"
EndProject
Project("{FAE04EC0-301F-11D3-BF4B-00C04F79EFBC}") = "PizzaHut.Tests", "PizzaHut.Tests\PizzaHut.Tests.csproj", "{57D7F110-8231-46E0-8F97-2A7B5F7D9EE8}"
EndProject
Global
	GlobalSection(SolutionConfigurationPlatforms) = preSolution
		Debug|Any CPU = Debug|Any CPU
		Release|Any CPU = Release|Any CPU
	EndGlobalSection
	GlobalSection(ProjectConfigurationPlatforms) = postSolution
		{3372F5D0-93C4-4F51-877D-885234590AB8}.Debug|Any CPU.ActiveCfg = Debug|Any CPU
		{3372F5D0-93C4-4F51-877D-885234590AB8}.Debug|Any CPU.Build.0 = Debug|Any CPU
		{3372F5D0-93C4-4F51-877D-885234590AB8}.Release|Any CPU.ActiveCfg = Release|Any CPU
		{3372F5D0-93C4-4F51-877D-885234590AB8}.Release|Any CPU.Build.0 = Release|Any CPU
		{57D7F110-8231-46E0-8F97-2A7B5F7D9EE8}.Debug|Any CPU.ActiveCfg = Debug|Any CPU
		{57D7F110-8231-46E0-8F97-2A7B5F7D9EE8}.Debug|Any CPU.Build.0 = Debug|Any CPU
		{57D7F110-8231-46E0-8F97-2A7B5F7D9EE8}.Release|Any CPU.ActiveCfg = Release|Any CPU
		{57D7F110-8231-46E0-8F97-2A7B5F7D9EE8}.Release|Any CPU.Build.0 = Release|Any CPU
	EndGlobalSection
	GlobalSection(SolutionProperties) = preSolution
		HideSolutionNode = FALSE
	EndGlobalSection
	GlobalSection(ExtensibilityGlobals) = postSolution
		SolutionGuid = {D1CD8872-82C1-4AE6-A66E-01358902F468}
	EndGlobalSection
EndGlobal
